{
  "name": "redirection",
  "version": "2.4.1",
  "lockfileVersion": 1,
  "dependencies": {
    "gulp-deleted": {
      "version": "0.0.2",
      "resolved": "https://registry.npmjs.org/gulp-deleted/-/gulp-deleted-0.0.1.tgz",
      "integrity": "sha1-UCqU9/y3y3j7wjilPepXLVLvudE=",
      "dev": true
    }
  }
}
